
Microsoft Visual Studio Solution File, Format Version 12.00
# Visual Studio 15
Project("{FAE04EC0-301F-11D3-BF4B-00C04F79EFBC}") = "UnityEngine.TestRunner", "UnityEngine.TestRunner.csproj", "{4A304CA1-BC3F-5DF6-090F-DBE323A8D039}"
EndProject
Project("{FAE04EC0-301F-11D3-BF4B-00C04F79EFBC}") = "Unity.Timeline", "Unity.Timeline.csproj", "{09D649FF-DCC6-F096-6727-01D9B2D522E7}"
EndProject
Project("{FAE04EC0-301F-11D3-BF4B-00C04F79EFBC}") = "Cinemachine", "Cinemachine.csproj", "{6E9B8F0F-DD3E-776F-ABFD-30166425BC86}"
EndProject
Project("{FAE04EC0-301F-11D3-BF4B-00C04F79EFBC}") = "Unity.TextMeshPro", "Unity.TextMeshPro.csproj", "{DB745A9A-6360-F6A2-2619-1FE29442F1B4}"
EndProject
Project("{FAE04EC0-301F-11D3-BF4B-00C04F79EFBC}") = "Assembly-CSharp", "Assembly-CSharp.csproj", "{8DCA0698-2621-2CB7-CBA6-4B02A3CC3D34}"
EndProject
Project("{FAE04EC0-301F-11D3-BF4B-00C04F79EFBC}") = "UnityEditor.TestRunner", "UnityEditor.TestRunner.csproj", "{D9452172-372C-5032-9E5A-8E1207999DA3}"
EndProject
Project("{FAE04EC0-301F-11D3-BF4B-00C04F79EFBC}") = "Unity.PlasticSCM.Editor", "Unity.PlasticSCM.Editor.csproj", "{7D633220-7E5D-9FC9-6A75-DA884A0C6F6A}"
EndProject
Project("{FAE04EC0-301F-11D3-BF4B-00C04F79EFBC}") = "Unity.Timeline.Editor", "Unity.Timeline.Editor.csproj", "{3D190AB7-74E2-3E9E-FD43-4F01F897CF80}"
EndProject
Project("{FAE04EC0-301F-11D3-BF4B-00C04F79EFBC}") = "Unity.VisualStudio.Editor", "Unity.VisualStudio.Editor.csproj", "{048C1E90-CDD1-F754-8EF1-329570DFD30E}"
EndProject
Project("{FAE04EC0-301F-11D3-BF4B-00C04F79EFBC}") = "com.unity.cinemachine.editor", "com.unity.cinemachine.editor.csproj", "{8BE5168D-E2FF-3543-4AFE-E8B64B9048CB}"
EndProject
Project("{FAE04EC0-301F-11D3-BF4B-00C04F79EFBC}") = "Unity.TextMeshPro.Editor", "Unity.TextMeshPro.Editor.csproj", "{6FB8AC5B-378E-B9C1-528D-2CF29F9C9816}"
EndProject
Project("{FAE04EC0-301F-11D3-BF4B-00C04F79EFBC}") = "Unity.CollabProxy.Editor", "Unity.CollabProxy.Editor.csproj", "{8489D28B-BB08-A591-8CE9-B4ED0D3D4FB8}"
EndProject
Project("{FAE04EC0-301F-11D3-BF4B-00C04F79EFBC}") = "Unity.Rider.Editor", "Unity.Rider.Editor.csproj", "{89149D47-D921-92AE-67FE-5FD2D59734F7}"
EndProject
Project("{FAE04EC0-301F-11D3-BF4B-00C04F79EFBC}") = "Unity.VSCode.Editor", "Unity.VSCode.Editor.csproj", "{A51ECD5C-3779-D3F7-72BC-752BD6D230BA}"
EndProject
Global
	GlobalSection(SolutionConfigurationPlatforms) = preSolution
		Debug|Any CPU = Debug|Any CPU
		Release|Any CPU = Release|Any CPU
	EndGlobalSection
	GlobalSection(ProjectConfigurationPlatforms) = postSolution
		{4A304CA1-BC3F-5DF6-090F-DBE323A8D039}.Debug|Any CPU.ActiveCfg = Debug|Any CPU
		{4A304CA1-BC3F-5DF6-090F-DBE323A8D039}.Debug|Any CPU.Build.0 = Debug|Any CPU
		{4A304CA1-BC3F-5DF6-090F-DBE323A8D039}.Release|Any CPU.ActiveCfg = Release|Any CPU
		{4A304CA1-BC3F-5DF6-090F-DBE323A8D039}.Release|Any CPU.Build.0 = Release|Any CPU
		{09D649FF-DCC6-F096-6727-01D9B2D522E7}.Debug|Any CPU.ActiveCfg = Debug|Any CPU
		{09D649FF-DCC6-F096-6727-01D9B2D522E7}.Debug|Any CPU.Build.0 = Debug|Any CPU
		{09D649FF-DCC6-F096-6727-01D9B2D522E7}.Release|Any CPU.ActiveCfg = Release|Any CPU
		{09D649FF-DCC6-F096-6727-01D9B2D522E7}.Release|Any CPU.Build.0 = Release|Any CPU
		{6E9B8F0F-DD3E-776F-ABFD-30166425BC86}.Debug|Any CPU.ActiveCfg = Debug|Any CPU
		{6E9B8F0F-DD3E-776F-ABFD-30166425BC86}.Debug|Any CPU.Build.0 = Debug|Any CPU
		{6E9B8F0F-DD3E-776F-ABFD-30166425BC86}.Release|Any CPU.ActiveCfg = Release|Any CPU
		{6E9B8F0F-DD3E-776F-ABFD-30166425BC86}.Release|Any CPU.Build.0 = Release|Any CPU
		{DB745A9A-6360-F6A2-2619-1FE29442F1B4}.Debug|Any CPU.ActiveCfg = Debug|Any CPU
		{DB745A9A-6360-F6A2-2619-1FE29442F1B4}.Debug|Any CPU.Build.0 = Debug|Any CPU
		{DB745A9A-6360-F6A2-2619-1FE29442F1B4}.Release|Any CPU.ActiveCfg = Release|Any CPU
		{DB745A9A-6360-F6A2-2619-1FE29442F1B4}.Release|Any CPU.Build.0 = Release|Any CPU
		{8DCA0698-2621-2CB7-CBA6-4B02A3CC3D34}.Debug|Any CPU.ActiveCfg = Debug|Any CPU
		{8DCA0698-2621-2CB7-CBA6-4B02A3CC3D34}.Debug|Any CPU.Build.0 = Debug|Any CPU
		{8DCA0698-2621-2CB7-CBA6-4B02A3CC3D34}.Release|Any CPU.ActiveCfg = Release|Any CPU
		{8DCA0698-2621-2CB7-CBA6-4B02A3CC3D34}.Release|Any CPU.Build.0 = Release|Any CPU
		{D9452172-372C-5032-9E5A-8E1207999DA3}.Debug|Any CPU.ActiveCfg = Debug|Any CPU
		{D9452172-372C-5032-9E5A-8E1207999DA3}.Debug|Any CPU.Build.0 = Debug|Any CPU
		{D9452172-372C-5032-9E5A-8E1207999DA3}.Release|Any CPU.ActiveCfg = Release|Any CPU
		{D9452172-372C-5032-9E5A-8E1207999DA3}.Release|Any CPU.Build.0 = Release|Any CPU
		{7D633220-7E5D-9FC9-6A75-DA884A0C6F6A}.Debug|Any CPU.ActiveCfg = Debug|Any CPU
		{7D633220-7E5D-9FC9-6A75-DA884A0C6F6A}.Debug|Any CPU.Build.0 = Debug|Any CPU
		{7D633220-7E5D-9FC9-6A75-DA884A0C6F6A}.Release|Any CPU.ActiveCfg = Release|Any CPU
		{7D633220-7E5D-9FC9-6A75-DA884A0C6F6A}.Release|Any CPU.Build.0 = Release|Any CPU
		{3D190AB7-74E2-3E9E-FD43-4F01F897CF80}.Debug|Any CPU.ActiveCfg = Debug|Any CPU
		{3D190AB7-74E2-3E9E-FD43-4F01F897CF80}.Debug|Any CPU.Build.0 = Debug|Any CPU
		{3D190AB7-74E2-3E9E-FD43-4F01F897CF80}.Release|Any CPU.ActiveCfg = Release|Any CPU
		{3D190AB7-74E2-3E9E-FD43-4F01F897CF80}.Release|Any CPU.Build.0 = Release|Any CPU
		{048C1E90-CDD1-F754-8EF1-329570DFD30E}.Debug|Any CPU.ActiveCfg = Debug|Any CPU
		{048C1E90-CDD1-F754-8EF1-329570DFD30E}.Debug|Any CPU.Build.0 = Debug|Any CPU
		{048C1E90-CDD1-F754-8EF1-329570DFD30E}.Release|Any CPU.ActiveCfg = Release|Any CPU
		{048C1E90-CDD1-F754-8EF1-329570DFD30E}.Release|Any CPU.Build.0 = Release|Any CPU
		{8BE5168D-E2FF-3543-4AFE-E8B64B9048CB}.Debug|Any CPU.ActiveCfg = Debug|Any CPU
		{8BE5168D-E2FF-3543-4AFE-E8B64B9048CB}.Debug|Any CPU.Build.0 = Debug|Any CPU
		{8BE5168D-E2FF-3543-4AFE-E8B64B9048CB}.Release|Any CPU.ActiveCfg = Release|Any CPU
		{8BE5168D-E2FF-3543-4AFE-E8B64B9048CB}.Release|Any CPU.Build.0 = Release|Any CPU
		{6FB8AC5B-378E-B9C1-528D-2CF29F9C9816}.Debug|Any CPU.ActiveCfg = Debug|Any CPU
		{6FB8AC5B-378E-B9C1-528D-2CF29F9C9816}.Debug|Any CPU.Build.0 = Debug|Any CPU
		{6FB8AC5B-378E-B9C1-528D-2CF29F9C9816}.Release|Any CPU.ActiveCfg = Release|Any CPU
		{6FB8AC5B-378E-B9C1-528D-2CF29F9C9816}.Release|Any CPU.Build.0 = Release|Any CPU
		{8489D28B-BB08-A591-8CE9-B4ED0D3D4FB8}.Debug|Any CPU.ActiveCfg = Debug|Any CPU
		{8489D28B-BB08-A591-8CE9-B4ED0D3D4FB8}.Debug|Any CPU.Build.0 = Debug|Any CPU
		{8489D28B-BB08-A591-8CE9-B4ED0D3D4FB8}.Release|Any CPU.ActiveCfg = Release|Any CPU
		{8489D28B-BB08-A591-8CE9-B4ED0D3D4FB8}.Release|Any CPU.Build.0 = Release|Any CPU
		{89149D47-D921-92AE-67FE-5FD2D59734F7}.Debug|Any CPU.ActiveCfg = Debug|Any CPU
		{89149D47-D921-92AE-67FE-5FD2D59734F7}.Debug|Any CPU.Build.0 = Debug|Any CPU
		{89149D47-D921-92AE-67FE-5FD2D59734F7}.Release|Any CPU.ActiveCfg = Release|Any CPU
		{89149D47-D921-92AE-67FE-5FD2D59734F7}.Release|Any CPU.Build.0 = Release|Any CPU
		{A51ECD5C-3779-D3F7-72BC-752BD6D230BA}.Debug|Any CPU.ActiveCfg = Debug|Any CPU
		{A51ECD5C-3779-D3F7-72BC-752BD6D230BA}.Debug|Any CPU.Build.0 = Debug|Any CPU
		{A51ECD5C-3779-D3F7-72BC-752BD6D230BA}.Release|Any CPU.ActiveCfg = Release|Any CPU
		{A51ECD5C-3779-D3F7-72BC-752BD6D230BA}.Release|Any CPU.Build.0 = Release|Any CPU
	EndGlobalSection
	GlobalSection(SolutionProperties) = preSolution
		HideSolutionNode = FALSE
	EndGlobalSection
EndGlobal
